lockfileVersion: '9.0'

settings:
  autoInstallPeers: true
  excludeLinksFromLockfile: false

importers:

  .: {}

  v1/proto:
    devDependencies:
      '@bufbuild/protobuf':
        specifier: ^2.2.2
        version: 2.12.0
      '@bufbuild/protoc-gen-es':
        specifier: ^2.2.0
        version: 2.12.0(@bufbuild/protobuf@2.12.0)
      typescript:
        specifier: 5.4.5
        version: 5.4.5

  v2alpha/proto:
    devDependencies:
      '@bufbuild/protobuf':
        specifier: ^2.2.2
        version: 2.12.0
      '@bufbuild/protoc-gen-es':
        specifier: ^2.2.0
        version: 2.12.0(@bufbuild/protobuf@2.12.0)
      typescript:
        specifier: 5.4.5
        version: 5.4.5

packages:

  '@bufbuild/protobuf@2.12.0':
    resolution: {integrity: sha512-B/XlCaFIP8LOwzo+bz5uFzATYokcwCKQcghqnlfwSmM5eX/qTkvDBnDPs+gXtX/RyjxJ4DRikECcPJbyALA8FA==}

  '@bufbuild/protoc-gen-es@2.12.0':
    resolution: {integrity: sha512-d9htF6jEkSwPbp9d/vSmZOBF7eeG18AvTMKmVg4I23afnrQOxL2w3WOXa9TaufMCyu24QakEUb4vux8apI5e7A==}
    engines: {node: '>=20'}
    hasBin: true
    peerDependencies:
      '@bufbuild/protobuf': 2.12.0
    peerDependenciesMeta:
      '@bufbuild/protobuf':
        optional: true

  '@bufbuild/protoplugin@2.12.0':
    resolution: {integrity: sha512-ORlDITp8AFUXzIhLRoMCG+ud+D3MPKWb5HQXBoskMMnjeyEjE1H1qLonVNPyOr8lkx3xSfYUo8a0dvOZJVAzow==}

  '@typescript/vfs@1.6.4':
    resolution: {integrity: sha512-PJFXFS4ZJKiJ9Qiuix6Dz/OwEIqHD7Dme1UwZhTK11vR+5dqW2ACbdndWQexBzCx+CPuMe5WBYQWCsFyGlQLlQ==}
    peerDependencies:
      typescript: '*'

  debug@4.4.3:
    resolution: {integrity: sha512-RGwwWnwQvkVfavKVt22FGLw+xYSdzARwm0ru6DhTVA3umU5hZc28V3kO4stgYryrTlLpuvgI9GiijltAjNbcqA==}
    engines: {node: '>=6.0'}
    peerDependencies:
      supports-color: '*'
    peerDependenciesMeta:
      supports-color:
        optional: true

  ms@2.1.3:
    resolution: {integrity: sha512-6FlzubTLZG3J2a/NVCAleEhjzq5oxgHyaCU9yYXvcLsvoVaHJq/s5xXI6/XXP6tz7R9xAOtHnSO/tXtF3WRTlA==}

  typescript@5.4.5:
    resolution: {integrity: sha512-vcI4UpRgg81oIRUFwR0WSIHKt11nJ7SAVlYNIu+QpqeyXP+gpQJy/Z4+F0aGxSE4MqwjyXvW/TzgkLAx2AGHwQ==}
    engines: {node: '>=14.17'}
    hasBin: true

snapshots:

  '@bufbuild/protobuf@2.12.0': {}

  '@bufbuild/protoc-gen-es@2.12.0(@bufbuild/protobuf@2.12.0)':
    dependencies:
      '@bufbuild/protoplugin': 2.12.0
    optionalDependencies:
      '@bufbuild/protobuf': 2.12.0
    transitivePeerDependencies:
      - supports-color

  '@bufbuild/protoplugin@2.12.0':
    dependencies:
      '@bufbuild/protobuf': 2.12.0
      '@typescript/vfs': 1.6.4(typescript@5.4.5)
      typescript: 5.4.5
    transitivePeerDependencies:
      - supports-color

  '@typescript/vfs@1.6.4(typescript@5.4.5)':
    dependencies:
      debug: 4.4.3
      typescript: 5.4.5
    transitivePeerDependencies:
      - supports-color

  debug@4.4.3:
    dependencies:
      ms: 2.1.3

  ms@2.1.3: {}

  typescript@5.4.5: {}
