lockfileVersion: '6.0'

settings:
  autoInstallPeers: true
  excludeLinksFromLockfile: false

importers:

  .: {}

  v2alpha/proto:
    devDependencies:
      '@bufbuild/protobuf':
        specifier: ^2.2.2
        version: 2.8.0
      '@bufbuild/protoc-gen-es':
        specifier: ^2.2.0
        version: 2.8.0(@bufbuild/protobuf@2.8.0)
      typescript:
        specifier: 5.4.5
        version: 5.4.5

packages:

  /@bufbuild/protobuf@2.8.0:
    resolution: {integrity: sha512-r1/0w5C9dkbcdjyxY8ZHsC5AOWg4Pnzhm2zu7LO4UHSounp2tMm6Y+oioV9zlGbLveE7YaWRDUk48WLxRDgoqg==}
    dev: true

  /@bufbuild/protoc-gen-es@2.8.0(@bufbuild/protobuf@2.8.0):
    resolution: {integrity: sha512-wyCXK7/FOgcHdqP6dWnGNZBJyXcYYUcvZBMBQVgeYjbF5u0OgVsInEYnr2Gu4E2HC7HoxcQZcVlVbwyxeiebDA==}
    engines: {node: '>=20'}
    hasBin: true
    peerDependencies:
      '@bufbuild/protobuf': 2.8.0
    peerDependenciesMeta:
      '@bufbuild/protobuf':
        optional: true
    dependencies:
      '@bufbuild/protobuf': 2.8.0
      '@bufbuild/protoplugin': 2.8.0
    transitivePeerDependencies:
      - supports-color
    dev: true

  /@bufbuild/protoplugin@2.8.0:
    resolution: {integrity: sha512-kwZeZAz6jmDC571Wf/f5cDX02IjvPmtdspdxW/hbLS+bnZHkXMW4StaW+irGd4TkykvHD4fFgBnPG/O1x8OgXw==}
    dependencies:
      '@bufbuild/protobuf': 2.8.0
      '@typescript/vfs': 1.6.1(typescript@5.4.5)
      typescript: 5.4.5
    transitivePeerDependencies:
      - supports-color
    dev: true

  /@typescript/vfs@1.6.1(typescript@5.4.5):
    resolution: {integrity: sha512-JwoxboBh7Oz1v38tPbkrZ62ZXNHAk9bJ7c9x0eI5zBfBnBYGhURdbnh7Z4smN/MV48Y5OCcZb58n972UtbazsA==}
    peerDependencies:
      typescript: '*'
    dependencies:
      debug: 4.4.3
      typescript: 5.4.5
    transitivePeerDependencies:
      - supports-color
    dev: true

  /debug@4.4.3:
    resolution: {integrity: sha512-RGwwWnwQvkVfavKVt22FGLw+xYSdzARwm0ru6DhTVA3umU5hZc28V3kO4stgYryrTlLpuvgI9GiijltAjNbcqA==}
    engines: {node: '>=6.0'}
    peerDependencies:
      supports-color: '*'
    peerDependenciesMeta:
      supports-color:
        optional: true
    dependencies:
      ms: 2.1.3
    dev: true

  /ms@2.1.3:
    resolution: {integrity: sha512-6FlzubTLZG3J2a/NVCAleEhjzq5oxgHyaCU9yYXvcLsvoVaHJq/s5xXI6/XXP6tz7R9xAOtHnSO/tXtF3WRTlA==}
    dev: true

  /typescript@5.4.5:
    resolution: {integrity: sha512-vcI4UpRgg81oIRUFwR0WSIHKt11nJ7SAVlYNIu+QpqeyXP+gpQJy/Z4+F0aGxSE4MqwjyXvW/TzgkLAx2AGHwQ==}
    engines: {node: '>=14.17'}
    hasBin: true
    dev: true
